{
  "pins" : [
    {
      "identity" : "geos",
      "kind" : "remoteSourceControl",
      "location" : "https://github.com/GEOSwift/geos.git",
      "state" : {
        "revision" : "4d8af495e7507f48f1ae9104102debdd2043917b",
        "version" : "9.0.0"
      }
    },
    {
      "identity" : "gpi-logger",
      "kind" : "remoteSourceControl",
      "location" : "https://github.com/Geoplan-Mobile/gpi-logger",
      "state" : {
        "revision" : "e3797d00b11baf3be75de4f82d009a7115c34f11",
        "version" : "1.0.1"
      }
    }
  ],
  "version" : 2
}
